
Microsoft Visual Studio Solution File, Format Version 12.00
# Visual Studio Version 17
VisualStudioVersion = 17.1.32319.34
MinimumVisualStudioVersion = 10.0.40219.1
Project("{FAE04EC0-301F-11D3-BF4B-00C04F79EFBC}") = "PracticeMVC", "PracticeMVC\PracticeMVC.csproj", "{F41F4578-4A77-4DA4-AE8B-5C6B9B91D406}"
EndProject
Global
	GlobalSection(SolutionConfigurationPlatforms) = preSolution
		Debug|Any CPU = Debug|Any CPU
		Release|Any CPU = Release|Any CPU
	EndGlobalSection
	GlobalSection(ProjectConfigurationPlatforms) = postSolution
		{F41F4578-4A77-4DA4-AE8B-5C6B9B91D406}.Debug|Any CPU.ActiveCfg = Debug|Any CPU
		{F41F4578-4A77-4DA4-AE8B-5C6B9B91D406}.Debug|Any CPU.Build.0 = Debug|Any CPU
		{F41F4578-4A77-4DA4-AE8B-5C6B9B91D406}.Release|Any CPU.ActiveCfg = Release|Any CPU
		{F41F4578-4A77-4DA4-AE8B-5C6B9B91D406}.Release|Any CPU.Build.0 = Release|Any CPU
	EndGlobalSection
	GlobalSection(SolutionProperties) = preSolution
		HideSolutionNode = FALSE
	EndGlobalSection
	GlobalSection(ExtensibilityGlobals) = postSolution
		SolutionGuid = {B91CA587-D08B-4246-A39B-9BD456887BF4}
	EndGlobalSection
EndGlobal
